
Microsoft Visual Studio Solution File, Format Version 12.00
# Visual Studio Version 17
VisualStudioVersion = 17.10.34916.146
MinimumVisualStudioVersion = 10.0.40219.1
Project("{FAE04EC0-301F-11D3-BF4B-00C04F79EFBC}") = "ClimaTempo", "ClimaTempo\ClimaTempo.csproj", "{0E374287-DD94-43B8-9688-1A5BB1E1EC21}"
EndProject
Global
	GlobalSection(SolutionConfigurationPlatforms) = preSolution
		Debug|Any CPU = Debug|Any CPU
		Release|Any CPU = Release|Any CPU
	EndGlobalSection
	GlobalSection(ProjectConfigurationPlatforms) = postSolution
		{0E374287-DD94-43B8-9688-1A5BB1E1EC21}.Debug|Any CPU.ActiveCfg = Debug|Any CPU
		{0E374287-DD94-43B8-9688-1A5BB1E1EC21}.Debug|Any CPU.Build.0 = Debug|Any CPU
		{0E374287-DD94-43B8-9688-1A5BB1E1EC21}.Debug|Any CPU.Deploy.0 = Debug|Any CPU
		{0E374287-DD94-43B8-9688-1A5BB1E1EC21}.Release|Any CPU.ActiveCfg = Release|Any CPU
		{0E374287-DD94-43B8-9688-1A5BB1E1EC21}.Release|Any CPU.Build.0 = Release|Any CPU
		{0E374287-DD94-43B8-9688-1A5BB1E1EC21}.Release|Any CPU.Deploy.0 = Release|Any CPU
	EndGlobalSection
	GlobalSection(SolutionProperties) = preSolution
		HideSolutionNode = FALSE
	EndGlobalSection
	GlobalSection(ExtensibilityGlobals) = postSolution
		SolutionGuid = {736EAF45-2940-4F7B-BCE6-20948F3AAB22}
	EndGlobalSection
EndGlobal
